
Microsoft Visual Studio Solution File, Format Version 12.00
# Visual Studio 14
VisualStudioVersion = 14.0.25420.1
MinimumVisualStudioVersion = 10.0.40219.1
Project("{FAE04EC0-301F-11D3-BF4B-00C04F79EFBC}") = "GDM.Biztalk.Schemas", "GDM.Biztalk.Schemas\GDM.Biztalk.Schemas.btproj", "{D34878A7-6858-479A-A737-84584F71A959}"
EndProject
Project("{FAE04EC0-301F-11D3-BF4B-00C04F79EFBC}") = "GDM.Biztalk.Pipelines", "GDM.Biztalk.Pipelines\GDM.Biztalk.Pipelines.btproj", "{370431F1-707C-4613-908D-7C96664DA7F1}"
EndProject
Project("{2150E333-8FDC-42A3-9474-1A3956D46DE8}") = "Deployment", "Deployment", "{528C65DA-E06E-4289-963A-E24EAD5DD692}"
	ProjectSection(SolutionItems) = preProject
		Deployment\Deployment.btdfproj = Deployment\Deployment.btdfproj
		Deployment\InstallWizard.xml = Deployment\InstallWizard.xml
		Deployment\License.rtf = Deployment\License.rtf
		Deployment\PortBindingsMaster.xml = Deployment\PortBindingsMaster.xml
		Deployment\SettingsFileGenerator.xml = Deployment\SettingsFileGenerator.xml
		Deployment\UnInstallWizard.xml = Deployment\UnInstallWizard.xml
	EndProjectSection
EndProject
Global
	GlobalSection(SolutionConfigurationPlatforms) = preSolution
		Debug|Any CPU = Debug|Any CPU
		Release|Any CPU = Release|Any CPU
	EndGlobalSection
	GlobalSection(ProjectConfigurationPlatforms) = postSolution
		{D34878A7-6858-479A-A737-84584F71A959}.Debug|Any CPU.ActiveCfg = Debug|Any CPU
		{D34878A7-6858-479A-A737-84584F71A959}.Debug|Any CPU.Build.0 = Debug|Any CPU
		{D34878A7-6858-479A-A737-84584F71A959}.Debug|Any CPU.Deploy.0 = Debug|Any CPU
		{D34878A7-6858-479A-A737-84584F71A959}.Release|Any CPU.ActiveCfg = Release|Any CPU
		{D34878A7-6858-479A-A737-84584F71A959}.Release|Any CPU.Build.0 = Release|Any CPU
		{D34878A7-6858-479A-A737-84584F71A959}.Release|Any CPU.Deploy.0 = Release|Any CPU
		{370431F1-707C-4613-908D-7C96664DA7F1}.Debug|Any CPU.ActiveCfg = Debug|Any CPU
		{370431F1-707C-4613-908D-7C96664DA7F1}.Debug|Any CPU.Build.0 = Debug|Any CPU
		{370431F1-707C-4613-908D-7C96664DA7F1}.Debug|Any CPU.Deploy.0 = Debug|Any CPU
		{370431F1-707C-4613-908D-7C96664DA7F1}.Release|Any CPU.ActiveCfg = Release|Any CPU
		{370431F1-707C-4613-908D-7C96664DA7F1}.Release|Any CPU.Build.0 = Release|Any CPU
		{370431F1-707C-4613-908D-7C96664DA7F1}.Release|Any CPU.Deploy.0 = Release|Any CPU
	EndGlobalSection
	GlobalSection(SolutionProperties) = preSolution
		HideSolutionNode = FALSE
	EndGlobalSection
EndGlobal
